
Microsoft Visual Studio Solution File, Format Version 12.00
# Visual Studio Version 17
VisualStudioVersion = 17.1.32328.378
MinimumVisualStudioVersion = 10.0.40219.1
Project("{8BC9CEB8-8B4A-11D0-8D11-00A0C91BC942}") = "class-string", "class-string.vcxproj", "{60011D40-84A5-4C42-9BA6-DA93773F4315}"
EndProject
Global
	GlobalSection(SolutionConfigurationPlatforms) = preSolution
		Debug|x64 = Debug|x64
		Debug|x86 = Debug|x86
		Release|x64 = Release|x64
		Release|x86 = Release|x86
	EndGlobalSection
	GlobalSection(ProjectConfigurationPlatforms) = postSolution
		{60011D40-84A5-4C42-9BA6-DA93773F4315}.Debug|x64.ActiveCfg = Debug|x64
		{60011D40-84A5-4C42-9BA6-DA93773F4315}.Debug|x64.Build.0 = Debug|x64
		{60011D40-84A5-4C42-9BA6-DA93773F4315}.Debug|x86.ActiveCfg = Debug|Win32
		{60011D40-84A5-4C42-9BA6-DA93773F4315}.Debug|x86.Build.0 = Debug|Win32
		{60011D40-84A5-4C42-9BA6-DA93773F4315}.Release|x64.ActiveCfg = Release|x64
		{60011D40-84A5-4C42-9BA6-DA93773F4315}.Release|x64.Build.0 = Release|x64
		{60011D40-84A5-4C42-9BA6-DA93773F4315}.Release|x86.ActiveCfg = Release|Win32
		{60011D40-84A5-4C42-9BA6-DA93773F4315}.Release|x86.Build.0 = Release|Win32
	EndGlobalSection
	GlobalSection(SolutionProperties) = preSolution
		HideSolutionNode = FALSE
	EndGlobalSection
	GlobalSection(ExtensibilityGlobals) = postSolution
		SolutionGuid = {ECCC454F-0E93-431B-B882-B34E016C89D4}
	EndGlobalSection
EndGlobal
